
Microsoft Visual Studio Solution File, Format Version 12.00
# Visual Studio Version 16
VisualStudioVersion = 16.0.31702.278
MinimumVisualStudioVersion = 10.0.40219.1
Project("{FAE04EC0-301F-11D3-BF4B-00C04F79EFBC}") = "Second Project attempt", "Second Project attempt.csproj", "{A93C184E-F264-4DF7-A79C-00786B90F134}"
EndProject
Global
	GlobalSection(SolutionConfigurationPlatforms) = preSolution
		Debug|Any CPU = Debug|Any CPU
		Release|Any CPU = Release|Any CPU
	EndGlobalSection
	GlobalSection(ProjectConfigurationPlatforms) = postSolution
		{A93C184E-F264-4DF7-A79C-00786B90F134}.Debug|Any CPU.ActiveCfg = Debug|Any CPU
		{A93C184E-F264-4DF7-A79C-00786B90F134}.Debug|Any CPU.Build.0 = Debug|Any CPU
		{A93C184E-F264-4DF7-A79C-00786B90F134}.Release|Any CPU.ActiveCfg = Release|Any CPU
		{A93C184E-F264-4DF7-A79C-00786B90F134}.Release|Any CPU.Build.0 = Release|Any CPU
	EndGlobalSection
	GlobalSection(SolutionProperties) = preSolution
		HideSolutionNode = FALSE
	EndGlobalSection
	GlobalSection(ExtensibilityGlobals) = postSolution
		SolutionGuid = {C7A8F301-12BE-47DC-9449-AE3D64FE685A}
	EndGlobalSection
EndGlobal
